
Microsoft Visual Studio Solution File, Format Version 12.00
# Visual Studio 15
VisualStudioVersion = 15.0.27130.2036
MinimumVisualStudioVersion = 10.0.40219.1
Project("{8BC9CEB8-8B4A-11D0-8D11-00A0C91BC942}") = "MonitoringServer", "MonitoringServer\MonitoringServer.vcxproj", "{DCF9D631-0527-4A28-BF30-13379A4EFB39}"
EndProject
Global
	GlobalSection(SolutionConfigurationPlatforms) = preSolution
		Debug|x64 = Debug|x64
		Debug|x86 = Debug|x86
		Release|x64 = Release|x64
		Release|x86 = Release|x86
	EndGlobalSection
	GlobalSection(ProjectConfigurationPlatforms) = postSolution
		{DCF9D631-0527-4A28-BF30-13379A4EFB39}.Debug|x64.ActiveCfg = Debug|x64
		{DCF9D631-0527-4A28-BF30-13379A4EFB39}.Debug|x64.Build.0 = Debug|x64
		{DCF9D631-0527-4A28-BF30-13379A4EFB39}.Debug|x86.ActiveCfg = Debug|Win32
		{DCF9D631-0527-4A28-BF30-13379A4EFB39}.Debug|x86.Build.0 = Debug|Win32
		{DCF9D631-0527-4A28-BF30-13379A4EFB39}.Release|x64.ActiveCfg = Release|x64
		{DCF9D631-0527-4A28-BF30-13379A4EFB39}.Release|x64.Build.0 = Release|x64
		{DCF9D631-0527-4A28-BF30-13379A4EFB39}.Release|x86.ActiveCfg = Release|Win32
		{DCF9D631-0527-4A28-BF30-13379A4EFB39}.Release|x86.Build.0 = Release|Win32
	EndGlobalSection
	GlobalSection(SolutionProperties) = preSolution
		HideSolutionNode = FALSE
	EndGlobalSection
	GlobalSection(ExtensibilityGlobals) = postSolution
		SolutionGuid = {4E04262D-A129-49F7-B149-E2775579528E}
	EndGlobalSection
EndGlobal
